// !$*UTF8*$!
{
	archiveVersion = 1;
	classes = {
	};
	objectVersion = 46;
	objects = {

/* Begin PBXBuildFile section */
		2F26212F1B30B25200F4B3B2 /* main.swift in Sources */ = {isa = PBXBuildFile; fileRef = 2F26212E1B30B25200F4B3B2 /* main.swift */; };
		2F26213E1B30BB5C00F4B3B2 /* Problem1Tests.swift in Sources */ = {isa = PBXBuildFile; fileRef = 2F26213D1B30BB5C00F4B3B2 /* Problem1Tests.swift */; };
		2F2621711B37CD7400F4B3B2 /* Problem6.swift in Sources */ = {isa = PBXBuildFile; fileRef = 2F2621701B37CD7400F4B3B2 /* Problem6.swift */; };
		2F2621721B37CD7400F4B3B2 /* Problem6.swift in Sources */ = {isa = PBXBuildFile; fileRef = 2F2621701B37CD7400F4B3B2 /* Problem6.swift */; };
		2F2621741B37CED000F4B3B2 /* Problem6Tests.swift in Sources */ = {isa = PBXBuildFile; fileRef = 2F2621731B37CED000F4B3B2 /* Problem6Tests.swift */; };
		2F2621891B3869FD00F4B3B2 /* Problem7.swift in Sources */ = {isa = PBXBuildFile; fileRef = 2F2621881B3869FD00F4B3B2 /* Problem7.swift */; };
		2F26218A1B3869FD00F4B3B2 /* Problem7.swift in Sources */ = {isa = PBXBuildFile; fileRef = 2F2621881B3869FD00F4B3B2 /* Problem7.swift */; };
		2F26218C1B386B3800F4B3B2 /* Problem7Tests.swift in Sources */ = {isa = PBXBuildFile; fileRef = 2F26218B1B386B3800F4B3B2 /* Problem7Tests.swift */; };
		2FB4EF301B3C736000E39163 /* Problem9.swift in Sources */ = {isa = PBXBuildFile; fileRef = 2FB4EF2F1B3C736000E39163 /* Problem9.swift */; };
		2FB4EF311B3C736000E39163 /* Problem9.swift in Sources */ = {isa = PBXBuildFile; fileRef = 2FB4EF2F1B3C736000E39163 /* Problem9.swift */; };
		2FB4EF331B3C765E00E39163 /* Problem9Tests.swift in Sources */ = {isa = PBXBuildFile; fileRef = 2FB4EF321B3C765E00E39163 /* Problem9Tests.swift */; };
		2FB4EF351B3C76E300E39163 /* Problem10.swift in Sources */ = {isa = PBXBuildFile; fileRef = 2FB4EF341B3C76E300E39163 /* Problem10.swift */; };
		2FB4EF361B3C76E300E39163 /* Problem10.swift in Sources */ = {isa = PBXBuildFile; fileRef = 2FB4EF341B3C76E300E39163 /* Problem10.swift */; };
		2FB4EF381B3E491200E39163 /* Problem10Tests.swift in Sources */ = {isa = PBXBuildFile; fileRef = 2FB4EF371B3E491200E39163 /* Problem10Tests.swift */; };
		2FB4EF3A1B3F876300E39163 /* Problem11.swift in Sources */ = {isa = PBXBuildFile; fileRef = 2FB4EF391B3F876300E39163 /* Problem11.swift */; };
		2FB4EF3B1B3F876300E39163 /* Problem11.swift in Sources */ = {isa = PBXBuildFile; fileRef = 2FB4EF391B3F876300E39163 /* Problem11.swift */; };
		2FB4EF3D1B3F91E200E39163 /* Problem11Tests.swift in Sources */ = {isa = PBXBuildFile; fileRef = 2FB4EF3C1B3F91E200E39163 /* Problem11Tests.swift */; };
		2FB75E7D1B3BC0C1003A0136 /* Problem8.swift in Sources */ = {isa = PBXBuildFile; fileRef = 2FB75E7C1B3BC0C1003A0136 /* Problem8.swift */; };
		2FB75E7E1B3BC0C1003A0136 /* Problem8.swift in Sources */ = {isa = PBXBuildFile; fileRef = 2FB75E7C1B3BC0C1003A0136 /* Problem8.swift */; };
		2FB75E801B3BC7F0003A0136 /* Problem8Tests.swift in Sources */ = {isa = PBXBuildFile; fileRef = 2FB75E7F1B3BC7F0003A0136 /* Problem8Tests.swift */; };
		2FF97BC01B3113FE00B6003A /* Problem1.swift in Sources */ = {isa = PBXBuildFile; fileRef = 2FF97BBF1B3113FE00B6003A /* Problem1.swift */; };
		2FF97BC11B3113FE00B6003A /* Problem1.swift in Sources */ = {isa = PBXBuildFile; fileRef = 2FF97BBF1B3113FE00B6003A /* Problem1.swift */; };
		2FF97BC31B31152700B6003A /* Problem2.swift in Sources */ = {isa = PBXBuildFile; fileRef = 2FF97BC21B31152700B6003A /* Problem2.swift */; };
		2FF97BC41B31152700B6003A /* Problem2.swift in Sources */ = {isa = PBXBuildFile; fileRef = 2FF97BC21B31152700B6003A /* Problem2.swift */; };
		2FF97BC61B3116D000B6003A /* ZSMath.swift in Sources */ = {isa = PBXBuildFile; fileRef = 2FF97BC51B3116D000B6003A /* ZSMath.swift */; };
		2FF97BC71B3116D000B6003A /* ZSMath.swift in Sources */ = {isa = PBXBuildFile; fileRef = 2FF97BC51B3116D000B6003A /* ZSMath.swift */; };
		2FF97BC91B311FDD00B6003A /* Problem3.swift in Sources */ = {isa = PBXBuildFile; fileRef = 2FF97BC81B311FDD00B6003A /* Problem3.swift */; };
		2FF97BCA1B311FDD00B6003A /* Problem3.swift in Sources */ = {isa = PBXBuildFile; fileRef = 2FF97BC81B311FDD00B6003A /* Problem3.swift */; };
		2FF97BCC1B31214900B6003A /* Problem4.swift in Sources */ = {isa = PBXBuildFile; fileRef = 2FF97BCB1B31214900B6003A /* Problem4.swift */; };
		2FF97BCD1B31214900B6003A /* Problem4.swift in Sources */ = {isa = PBXBuildFile; fileRef = 2FF97BCB1B31214900B6003A /* Problem4.swift */; };
		2FF97BD21B32543D00B6003A /* Problem2Tests.swift in Sources */ = {isa = PBXBuildFile; fileRef = 2FF97BD11B32543D00B6003A /* Problem2Tests.swift */; };
		2FF97BD41B32554000B6003A /* Problem3Tests.swift in Sources */ = {isa = PBXBuildFile; fileRef = 2FF97BD31B32554000B6003A /* Problem3Tests.swift */; };
		2FF97BD61B32558000B6003A /* Problem4Tests.swift in Sources */ = {isa = PBXBuildFile; fileRef = 2FF97BD51B32558000B6003A /* Problem4Tests.swift */; };
		2FF97BD81B32560300B6003A /* ZSMathTests.swift in Sources */ = {isa = PBXBuildFile; fileRef = 2FF97BD71B32560300B6003A /* ZSMathTests.swift */; };
		2FF97BDA1B326B2700B6003A /* Problem5Tests.swift in Sources */ = {isa = PBXBuildFile; fileRef = 2FF97BD91B326B2700B6003A /* Problem5Tests.swift */; };
		2FF97BDC1B326B7900B6003A /* Problem5.swift in Sources */ = {isa = PBXBuildFile; fileRef = 2FF97BDB1B326B7900B6003A /* Problem5.swift */; };
		2FF97BDD1B326B7900B6003A /* Problem5.swift in Sources */ = {isa = PBXBuildFile; fileRef = 2FF97BDB1B326B7900B6003A /* Problem5.swift */; };
/* End PBXBuildFile section */

/* Begin PBXCopyFilesBuildPhase section */
		2F2621291B30B25200F4B3B2 /* CopyFiles */ = {
			isa = PBXCopyFilesBuildPhase;
			buildActionMask = 2147483647;
			dstPath = /usr/share/man/man1/;
			dstSubfolderSpec = 0;
			files = (
			);
			runOnlyForDeploymentPostprocessing = 1;
		};
/* End PBXCopyFilesBuildPhase section */

/* Begin PBXFileReference section */
		2F26212B1B30B25200F4B3B2 /* ProjectEuler */ = {isa = PBXFileReference; explicitFileType = "compiled.mach-o.executable"; includeInIndex = 0; path = ProjectEuler; sourceTree = BUILT_PRODUCTS_DIR; };
		2F26212E1B30B25200F4B3B2 /* main.swift */ = {isa = PBXFileReference; lastKnownFileType = sourcecode.swift; path = main.swift; sourceTree = "<group>"; };
		2F2621391B30BB5C00F4B3B2 /* ProjectEulerTests.xctest */ = {isa = PBXFileReference; explicitFileType = wrapper.cfbundle; includeInIndex = 0; path = ProjectEulerTests.xctest; sourceTree = BUILT_PRODUCTS_DIR; };
		2F26213C1B30BB5C00F4B3B2 /* Info.plist */ = {isa = PBXFileReference; lastKnownFileType = text.plist.xml; path = Info.plist; sourceTree = "<group>"; };
		2F26213D1B30BB5C00F4B3B2 /* Problem1Tests.swift */ = {isa = PBXFileReference; lastKnownFileType = sourcecode.swift; path = Problem1Tests.swift; sourceTree = "<group>"; };
		2F2621701B37CD7400F4B3B2 /* Problem6.swift */ = {isa = PBXFileReference; fileEncoding = 4; lastKnownFileType = sourcecode.swift; path = Problem6.swift; sourceTree = "<group>"; };
		2F2621731B37CED000F4B3B2 /* Problem6Tests.swift */ = {isa = PBXFileReference; fileEncoding = 4; lastKnownFileType = sourcecode.swift; path = Problem6Tests.swift; sourceTree = "<group>"; };
		2F2621881B3869FD00F4B3B2 /* Problem7.swift */ = {isa = PBXFileReference; fileEncoding = 4; lastKnownFileType = sourcecode.swift; path = Problem7.swift; sourceTree = "<group>"; };
		2F26218B1B386B3800F4B3B2 /* Problem7Tests.swift */ = {isa = PBXFileReference; fileEncoding = 4; lastKnownFileType = sourcecode.swift; path = Problem7Tests.swift; sourceTree = "<group>"; };
		2FB4EF2F1B3C736000E39163 /* Problem9.swift */ = {isa = PBXFileReference; fileEncoding = 4; lastKnownFileType = sourcecode.swift; path = Problem9.swift; sourceTree = "<group>"; };
		2FB4EF321B3C765E00E39163 /* Problem9Tests.swift */ = {isa = PBXFileReference; fileEncoding = 4; lastKnownFileType = sourcecode.swift; path = Problem9Tests.swift; sourceTree = "<group>"; };
		2FB4EF341B3C76E300E39163 /* Problem10.swift */ = {isa = PBXFileReference; fileEncoding = 4; lastKnownFileType = sourcecode.swift; path = Problem10.swift; sourceTree = "<group>"; };
		2FB4EF371B3E491200E39163 /* Problem10Tests.swift */ = {isa = PBXFileReference; fileEncoding = 4; lastKnownFileType = sourcecode.swift; path = Problem10Tests.swift; sourceTree = "<group>"; };
		2FB4EF391B3F876300E39163 /* Problem11.swift */ = {isa = PBXFileReference; fileEncoding = 4; lastKnownFileType = sourcecode.swift; path = Problem11.swift; sourceTree = "<group>"; };
		2FB4EF3C1B3F91E200E39163 /* Problem11Tests.swift */ = {isa = PBXFileReference; fileEncoding = 4; lastKnownFileType = sourcecode.swift; path = Problem11Tests.swift; sourceTree = "<group>"; };
		2FB75E7C1B3BC0C1003A0136 /* Problem8.swift */ = {isa = PBXFileReference; fileEncoding = 4; lastKnownFileType = sourcecode.swift; path = Problem8.swift; sourceTree = "<group>"; };
		2FB75E7F1B3BC7F0003A0136 /* Problem8Tests.swift */ = {isa = PBXFileReference; fileEncoding = 4; lastKnownFileType = sourcecode.swift; path = Problem8Tests.swift; sourceTree = "<group>"; };
		2FF97BBF1B3113FE00B6003A /* Problem1.swift */ = {isa = PBXFileReference; fileEncoding = 4; lastKnownFileType = sourcecode.swift; path = Problem1.swift; sourceTree = "<group>"; };
		2FF97BC21B31152700B6003A /* Problem2.swift */ = {isa = PBXFileReference; fileEncoding = 4; lastKnownFileType = sourcecode.swift; path = Problem2.swift; sourceTree = "<group>"; };
		2FF97BC51B3116D000B6003A /* ZSMath.swift */ = {isa = PBXFileReference; fileEncoding = 4; lastKnownFileType = sourcecode.swift; path = ZSMath.swift; sourceTree = "<group>"; };
		2FF97BC81B311FDD00B6003A /* Problem3.swift */ = {isa = PBXFileReference; fileEncoding = 4; lastKnownFileType = sourcecode.swift; path = Problem3.swift; sourceTree = "<group>"; };
		2FF97BCB1B31214900B6003A /* Problem4.swift */ = {isa = PBXFileReference; fileEncoding = 4; lastKnownFileType = sourcecode.swift; path = Problem4.swift; sourceTree = "<group>"; };
		2FF97BD11B32543D00B6003A /* Problem2Tests.swift */ = {isa = PBXFileReference; fileEncoding = 4; lastKnownFileType = sourcecode.swift; path = Problem2Tests.swift; sourceTree = "<group>"; };
		2FF97BD31B32554000B6003A /* Problem3Tests.swift */ = {isa = PBXFileReference; fileEncoding = 4; lastKnownFileType = sourcecode.swift; path = Problem3Tests.swift; sourceTree = "<group>"; };
		2FF97BD51B32558000B6003A /* Problem4Tests.swift */ = {isa = PBXFileReference; fileEncoding = 4; lastKnownFileType = sourcecode.swift; path = Problem4Tests.swift; sourceTree = "<group>"; };
		2FF97BD71B32560300B6003A /* ZSMathTests.swift */ = {isa = PBXFileReference; fileEncoding = 4; lastKnownFileType = sourcecode.swift; name = ZSMathTests.swift; path = ../ProjectEuler/ZSMathTests.swift; sourceTree = "<group>"; };
		2FF97BD91B326B2700B6003A /* Problem5Tests.swift */ = {isa = PBXFileReference; fileEncoding = 4; lastKnownFileType = sourcecode.swift; path = Problem5Tests.swift; sourceTree = "<group>"; };
		2FF97BDB1B326B7900B6003A /* Problem5.swift */ = {isa = PBXFileReference; fileEncoding = 4; lastKnownFileType = sourcecode.swift; path = Problem5.swift; sourceTree = "<group>"; };
/* End PBXFileReference section */

/* Begin PBXFrameworksBuildPhase section */
		2F2621281B30B25200F4B3B2 /* Frameworks */ = {
			isa = PBXFrameworksBuildPhase;
			buildActionMask = 2147483647;
			files = (
			);
			runOnlyForDeploymentPostprocessing = 0;
		};
		2F2621361B30BB5C00F4B3B2 /* Frameworks */ = {
			isa = PBXFrameworksBuildPhase;
			buildActionMask = 2147483647;
			files = (
			);
			runOnlyForDeploymentPostprocessing = 0;
		};
/* End PBXFrameworksBuildPhase section */

/* Begin PBXGroup section */
		2F2621221B30B25200F4B3B2 = {
			isa = PBXGroup;
			children = (
				2F26212D1B30B25200F4B3B2 /* ProjectEuler */,
				2F26213A1B30BB5C00F4B3B2 /* ProjectEulerTests */,
				2F26212C1B30B25200F4B3B2 /* Products */,
			);
			sourceTree = "<group>";
		};
		2F26212C1B30B25200F4B3B2 /* Products */ = {
			isa = PBXGroup;
			children = (
				2F26212B1B30B25200F4B3B2 /* ProjectEuler */,
				2F2621391B30BB5C00F4B3B2 /* ProjectEulerTests.xctest */,
			);
			name = Products;
			sourceTree = "<group>";
		};
		2F26212D1B30B25200F4B3B2 /* ProjectEuler */ = {
			isa = PBXGroup;
			children = (
				2F26212E1B30B25200F4B3B2 /* main.swift */,
				2FF97BCB1B31214900B6003A /* Problem4.swift */,
				2FF97BC81B311FDD00B6003A /* Problem3.swift */,
				2FF97BBF1B3113FE00B6003A /* Problem1.swift */,
				2FF97BC21B31152700B6003A /* Problem2.swift */,
				2FF97BDB1B326B7900B6003A /* Problem5.swift */,
				2F2621701B37CD7400F4B3B2 /* Problem6.swift */,
				2F2621881B3869FD00F4B3B2 /* Problem7.swift */,
				2FB75E7C1B3BC0C1003A0136 /* Problem8.swift */,
				2FB4EF2F1B3C736000E39163 /* Problem9.swift */,
				2FB4EF341B3C76E300E39163 /* Problem10.swift */,
				2FB4EF391B3F876300E39163 /* Problem11.swift */,
				2FF97BC51B3116D000B6003A /* ZSMath.swift */,
			);
			path = ProjectEuler;
			sourceTree = "<group>";
		};
		2F26213A1B30BB5C00F4B3B2 /* ProjectEulerTests */ = {
			isa = PBXGroup;
			children = (
				2FF97BD71B32560300B6003A /* ZSMathTests.swift */,
				2F26213D1B30BB5C00F4B3B2 /* Problem1Tests.swift */,
				2FF97BD11B32543D00B6003A /* Problem2Tests.swift */,
				2FF97BD31B32554000B6003A /* Problem3Tests.swift */,
				2FF97BD51B32558000B6003A /* Problem4Tests.swift */,
				2FF97BD91B326B2700B6003A /* Problem5Tests.swift */,
				2F2621731B37CED000F4B3B2 /* Problem6Tests.swift */,
				2F26218B1B386B3800F4B3B2 /* Problem7Tests.swift */,
				2FB75E7F1B3BC7F0003A0136 /* Problem8Tests.swift */,
				2FB4EF321B3C765E00E39163 /* Problem9Tests.swift */,
				2FB4EF371B3E491200E39163 /* Problem10Tests.swift */,
				2FB4EF3C1B3F91E200E39163 /* Problem11Tests.swift */,
				2F26213B1B30BB5C00F4B3B2 /* Supporting Files */,
			);
			path = ProjectEulerTests;
			sourceTree = "<group>";
		};
		2F26213B1B30BB5C00F4B3B2 /* Supporting Files */ = {
			isa = PBXGroup;
			children = (
				2F26213C1B30BB5C00F4B3B2 /* Info.plist */,
			);
			name = "Supporting Files";
			sourceTree = "<group>";
		};
/* End PBXGroup section */

/* Begin PBXNativeTarget section */
		2F26212A1B30B25200F4B3B2 /* ProjectEuler */ = {
			isa = PBXNativeTarget;
			buildConfigurationList = 2F2621321B30B25200F4B3B2 /* Build configuration list for PBXNativeTarget "ProjectEuler" */;
			buildPhases = (
				2F2621271B30B25200F4B3B2 /* Sources */,
				2F2621281B30B25200F4B3B2 /* Frameworks */,
				2F2621291B30B25200F4B3B2 /* CopyFiles */,
			);
			buildRules = (
			);
			dependencies = (
			);
			name = ProjectEuler;
			productName = ProjectEuler;
			productReference = 2F26212B1B30B25200F4B3B2 /* ProjectEuler */;
			productType = "com.apple.product-type.tool";
		};
		2F2621381B30BB5C00F4B3B2 /* ProjectEulerTests */ = {
			isa = PBXNativeTarget;
			buildConfigurationList = 2F26213F1B30BB5C00F4B3B2 /* Build configuration list for PBXNativeTarget "ProjectEulerTests" */;
			buildPhases = (
				2F2621351B30BB5C00F4B3B2 /* Sources */,
				2F2621361B30BB5C00F4B3B2 /* Frameworks */,
				2F2621371B30BB5C00F4B3B2 /* Resources */,
			);
			buildRules = (
			);
			dependencies = (
			);
			name = ProjectEulerTests;
			productName = ProjectEulerTests;
			productReference = 2F2621391B30BB5C00F4B3B2 /* ProjectEulerTests.xctest */;
			productType = "com.apple.product-type.bundle.unit-test";
		};
/* End PBXNativeTarget section */

/* Begin PBXProject section */
		2F2621231B30B25200F4B3B2 /* Project object */ = {
			isa = PBXProject;
			attributes = {
				LastUpgradeCheck = 0630;
				ORGANIZATIONNAME = "Zane Swafford";
				TargetAttributes = {
					2F26212A1B30B25200F4B3B2 = {
						CreatedOnToolsVersion = 6.3.2;
					};
					2F2621381B30BB5C00F4B3B2 = {
						CreatedOnToolsVersion = 6.3.2;
					};
				};
			};
			buildConfigurationList = 2F2621261B30B25200F4B3B2 /* Build configuration list for PBXProject "ProjectEuler" */;
			compatibilityVersion = "Xcode 3.2";
			developmentRegion = English;
			hasScannedForEncodings = 0;
			knownRegions = (
				en,
			);
			mainGroup = 2F2621221B30B25200F4B3B2;
			productRefGroup = 2F26212C1B30B25200F4B3B2 /* Products */;
			projectDirPath = "";
			projectRoot = "";
			targets = (
				2F26212A1B30B25200F4B3B2 /* ProjectEuler */,
				2F2621381B30BB5C00F4B3B2 /* ProjectEulerTests */,
			);
		};
/* End PBXProject section */

/* Begin PBXResourcesBuildPhase section */
		2F2621371B30BB5C00F4B3B2 /* Resources */ = {
			isa = PBXResourcesBuildPhase;
			buildActionMask = 2147483647;
			files = (
			);
			runOnlyForDeploymentPostprocessing = 0;
		};
/* End PBXResourcesBuildPhase section */

/* Begin PBXSourcesBuildPhase section */
		2F2621271B30B25200F4B3B2 /* Sources */ = {
			isa = PBXSourcesBuildPhase;
			buildActionMask = 2147483647;
			files = (
				2F2621891B3869FD00F4B3B2 /* Problem7.swift in Sources */,
				2F2621711B37CD7400F4B3B2 /* Problem6.swift in Sources */,
				2FB75E7D1B3BC0C1003A0136 /* Problem8.swift in Sources */,
				2FB4EF3A1B3F876300E39163 /* Problem11.swift in Sources */,
				2FB4EF301B3C736000E39163 /* Problem9.swift in Sources */,
				2FB4EF351B3C76E300E39163 /* Problem10.swift in Sources */,
				2FF97BDC1B326B7900B6003A /* Problem5.swift in Sources */,
				2FF97BCC1B31214900B6003A /* Problem4.swift in Sources */,
				2FF97BC31B31152700B6003A /* Problem2.swift in Sources */,
				2FF97BC61B3116D000B6003A /* ZSMath.swift in Sources */,
				2F26212F1B30B25200F4B3B2 /* main.swift in Sources */,
				2FF97BC91B311FDD00B6003A /* Problem3.swift in Sources */,
				2FF97BC01B3113FE00B6003A /* Problem1.swift in Sources */,
			);
			runOnlyForDeploymentPostprocessing = 0;
		};
		2F2621351B30BB5C00F4B3B2 /* Sources */ = {
			isa = PBXSourcesBuildPhase;
			buildActionMask = 2147483647;
			files = (
				2FF97BCD1B31214900B6003A /* Problem4.swift in Sources */,
				2FF97BC41B31152700B6003A /* Problem2.swift in Sources */,
				2FF97BDA1B326B2700B6003A /* Problem5Tests.swift in Sources */,
				2FF97BDD1B326B7900B6003A /* Problem5.swift in Sources */,
				2FB4EF381B3E491200E39163 /* Problem10Tests.swift in Sources */,
				2FB4EF3D1B3F91E200E39163 /* Problem11Tests.swift in Sources */,
				2FF97BD81B32560300B6003A /* ZSMathTests.swift in Sources */,
				2FF97BC71B3116D000B6003A /* ZSMath.swift in Sources */,
				2F26218A1B3869FD00F4B3B2 /* Problem7.swift in Sources */,
				2F26213E1B30BB5C00F4B3B2 /* Problem1Tests.swift in Sources */,
				2F2621721B37CD7400F4B3B2 /* Problem6.swift in Sources */,
				2F26218C1B386B3800F4B3B2 /* Problem7Tests.swift in Sources */,
				2FB4EF311B3C736000E39163 /* Problem9.swift in Sources */,
				2FF97BCA1B311FDD00B6003A /* Problem3.swift in Sources */,
				2FB75E7E1B3BC0C1003A0136 /* Problem8.swift in Sources */,
				2FB75E801B3BC7F0003A0136 /* Problem8Tests.swift in Sources */,
				2FF97BD41B32554000B6003A /* Problem3Tests.swift in Sources */,
				2FB4EF331B3C765E00E39163 /* Problem9Tests.swift in Sources */,
				2FB4EF361B3C76E300E39163 /* Problem10.swift in Sources */,
				2FB4EF3B1B3F876300E39163 /* Problem11.swift in Sources */,
				2FF97BC11B3113FE00B6003A /* Problem1.swift in Sources */,
				2FF97BD21B32543D00B6003A /* Problem2Tests.swift in Sources */,
				2F2621741B37CED000F4B3B2 /* Problem6Tests.swift in Sources */,
				2FF97BD61B32558000B6003A /* Problem4Tests.swift in Sources */,
			);
			runOnlyForDeploymentPostprocessing = 0;
		};
/* End PBXSourcesBuildPhase section */

/* Begin XCBuildConfiguration section */
		2F2621301B30B25200F4B3B2 /* Debug */ = {
			isa = XCBuildConfiguration;
			buildSettings = {
				ALWAYS_SEARCH_USER_PATHS = NO;
				CLANG_CXX_LANGUAGE_STANDARD = "gnu++0x";
				CLANG_CXX_LIBRARY = "libc++";
				CLANG_ENABLE_MODULES = YES;
				CLANG_ENABLE_OBJC_ARC = YES;
				CLANG_WARN_BOOL_CONVERSION = YES;
				CLANG_WARN_CONSTANT_CONVERSION = YES;
				CLANG_WARN_DIRECT_OBJC_ISA_USAGE = YES_ERROR;
				CLANG_WARN_EMPTY_BODY = YES;
				CLANG_WARN_ENUM_CONVERSION = YES;
				CLANG_WARN_INT_CONVERSION = YES;
				CLANG_WARN_OBJC_ROOT_CLASS = YES_ERROR;
				CLANG_WARN_UNREACHABLE_CODE = YES;
				CLANG_WARN__DUPLICATE_METHOD_MATCH = YES;
				COPY_PHASE_STRIP = NO;
				DEBUG_INFORMATION_FORMAT = dwarf;
				ENABLE_STRICT_OBJC_MSGSEND = YES;
				GCC_C_LANGUAGE_STANDARD = gnu99;
				GCC_DYNAMIC_NO_PIC = NO;
				GCC_NO_COMMON_BLOCKS = YES;
				GCC_OPTIMIZATION_LEVEL = 0;
				GCC_PREPROCESSOR_DEFINITIONS = (
					"DEBUG=1",
					"$(inherited)",
				);
				GCC_SYMBOLS_PRIVATE_EXTERN = NO;
				GCC_WARN_64_TO_32_BIT_CONVERSION = YES;
				GCC_WARN_ABOUT_RETURN_TYPE = YES_ERROR;
				GCC_WARN_UNDECLARED_SELECTOR = YES;
				GCC_WARN_UNINITIALIZED_AUTOS = YES_AGGRESSIVE;
				GCC_WARN_UNUSED_FUNCTION = YES;
				GCC_WARN_UNUSED_VARIABLE = YES;
				MACOSX_DEPLOYMENT_TARGET = 10.10;
				MTL_ENABLE_DEBUG_INFO = YES;
				ONLY_ACTIVE_ARCH = YES;
				SDKROOT = macosx;
				SWIFT_OPTIMIZATION_LEVEL = "-Onone";
			};
			name = Debug;
		};
		2F2621311B30B25200F4B3B2 /* Release */ = {
			isa = XCBuildConfiguration;
			buildSettings = {
				ALWAYS_SEARCH_USER_PATHS = NO;
				CLANG_CXX_LANGUAGE_STANDARD = "gnu++0x";
				CLANG_CXX_LIBRARY = "libc++";
				CLANG_ENABLE_MODULES = YES;
				CLANG_ENABLE_OBJC_ARC = YES;
				CLANG_WARN_BOOL_CONVERSION = YES;
				CLANG_WARN_CONSTANT_CONVERSION = YES;
				CLANG_WARN_DIRECT_OBJC_ISA_USAGE = YES_ERROR;
				CLANG_WARN_EMPTY_BODY = YES;
				CLANG_WARN_ENUM_CONVERSION = YES;
				CLANG_WARN_INT_CONVERSION = YES;
				CLANG_WARN_OBJC_ROOT_CLASS = YES_ERROR;
				CLANG_WARN_UNREACHABLE_CODE = YES;
				CLANG_WARN__DUPLICATE_METHOD_MATCH = YES;
				COPY_PHASE_STRIP = NO;
				DEBUG_INFORMATION_FORMAT = "dwarf-with-dsym";
				ENABLE_NS_ASSERTIONS = NO;
				ENABLE_STRICT_OBJC_MSGSEND = YES;
				GCC_C_LANGUAGE_STANDARD = gnu99;
				GCC_NO_COMMON_BLOCKS = YES;
				GCC_WARN_64_TO_32_BIT_CONVERSION = YES;
				GCC_WARN_ABOUT_RETURN_TYPE = YES_ERROR;
				GCC_WARN_UNDECLARED_SELECTOR = YES;
				GCC_WARN_UNINITIALIZED_AUTOS = YES_AGGRESSIVE;
				GCC_WARN_UNUSED_FUNCTION = YES;
				GCC_WARN_UNUSED_VARIABLE = YES;
				MACOSX_DEPLOYMENT_TARGET = 10.10;
				MTL_ENABLE_DEBUG_INFO = NO;
				SDKROOT = macosx;
			};
			name = Release;
		};
		2F2621331B30B25200F4B3B2 /* Debug */ = {
			isa = XCBuildConfiguration;
			buildSettings = {
				PRODUCT_NAME = "$(TARGET_NAME)";
			};
			name = Debug;
		};
		2F2621341B30B25200F4B3B2 /* Release */ = {
			isa = XCBuildConfiguration;
			buildSettings = {
				PRODUCT_NAME = "$(TARGET_NAME)";
			};
			name = Release;
		};
		2F2621401B30BB5C00F4B3B2 /* Debug */ = {
			isa = XCBuildConfiguration;
			buildSettings = {
				COMBINE_HIDPI_IMAGES = YES;
				FRAMEWORK_SEARCH_PATHS = (
					"$(DEVELOPER_FRAMEWORKS_DIR)",
					"$(inherited)",
				);
				GCC_PREPROCESSOR_DEFINITIONS = (
					"DEBUG=1",
					"$(inherited)",
				);
				INFOPLIST_FILE = ProjectEulerTests/Info.plist;
				LD_RUNPATH_SEARCH_PATHS = "$(inherited) @executable_path/../Frameworks @loader_path/../Frameworks";
				PRODUCT_NAME = "$(TARGET_NAME)";
			};
			name = Debug;
		};
		2F2621411B30BB5C00F4B3B2 /* Release */ = {
			isa = XCBuildConfiguration;
			buildSettings = {
				COMBINE_HIDPI_IMAGES = YES;
				FRAMEWORK_SEARCH_PATHS = (
					"$(DEVELOPER_FRAMEWORKS_DIR)",
					"$(inherited)",
				);
				INFOPLIST_FILE = ProjectEulerTests/Info.plist;
				LD_RUNPATH_SEARCH_PATHS = "$(inherited) @executable_path/../Frameworks @loader_path/../Frameworks";
				PRODUCT_NAME = "$(TARGET_NAME)";
			};
			name = Release;
		};
/* End XCBuildConfiguration section */

/* Begin XCConfigurationList section */
		2F2621261B30B25200F4B3B2 /* Build configuration list for PBXProject "ProjectEuler" */ = {
			isa = XCConfigurationList;
			buildConfigurations = (
				2F2621301B30B25200F4B3B2 /* Debug */,
				2F2621311B30B25200F4B3B2 /* Release */,
			);
			defaultConfigurationIsVisible = 0;
			defaultConfigurationName = Release;
		};
		2F2621321B30B25200F4B3B2 /* Build configuration list for PBXNativeTarget "ProjectEuler" */ = {
			isa = XCConfigurationList;
			buildConfigurations = (
				2F2621331B30B25200F4B3B2 /* Debug */,
				2F2621341B30B25200F4B3B2 /* Release */,
			);
			defaultConfigurationIsVisible = 0;
			defaultConfigurationName = Release;
		};
		2F26213F1B30BB5C00F4B3B2 /* Build configuration list for PBXNativeTarget "ProjectEulerTests" */ = {
			isa = XCConfigurationList;
			buildConfigurations = (
				2F2621401B30BB5C00F4B3B2 /* Debug */,
				2F2621411B30BB5C00F4B3B2 /* Release */,
			);
			defaultConfigurationIsVisible = 0;
			defaultConfigurationName = Release;
		};
/* End XCConfigurationList section */
	};
	rootObject = 2F2621231B30B25200F4B3B2 /* Project object */;
}
